
Microsoft Visual Studio Solution File, Format Version 12.00
# Visual Studio Version 17
VisualStudioVersion = 17.10.35013.160
MinimumVisualStudioVersion = 10.0.40219.1
Project("{FAE04EC0-301F-11D3-BF4B-00C04F79EFBC}") = "LXVidAuto", "LXVidAuto\LXVidAuto.csproj", "{E1C7C3B9-40C6-4A91-94FD-00A0D2D9F06E}"
EndProject
Global
	GlobalSection(SolutionConfigurationPlatforms) = preSolution
		Debug|Any CPU = Debug|Any CPU
		Release|Any CPU = Release|Any CPU
	EndGlobalSection
	GlobalSection(ProjectConfigurationPlatforms) = postSolution
		{E1C7C3B9-40C6-4A91-94FD-00A0D2D9F06E}.Debug|Any CPU.ActiveCfg = Debug|Any CPU
		{E1C7C3B9-40C6-4A91-94FD-00A0D2D9F06E}.Debug|Any CPU.Build.0 = Debug|Any CPU
		{E1C7C3B9-40C6-4A91-94FD-00A0D2D9F06E}.Release|Any CPU.ActiveCfg = Release|Any CPU
		{E1C7C3B9-40C6-4A91-94FD-00A0D2D9F06E}.Release|Any CPU.Build.0 = Release|Any CPU
	EndGlobalSection
	GlobalSection(SolutionProperties) = preSolution
		HideSolutionNode = FALSE
	EndGlobalSection
	GlobalSection(ExtensibilityGlobals) = postSolution
		SolutionGuid = {8426C370-92D3-44CA-954D-FF865DC6E163}
	EndGlobalSection
EndGlobal
